// !$*UTF8*$!
{
	archiveVersion = 1;
	classes = {
	};
	objectVersion = 51;
	objects = {

/* Begin PBXBuildFile section */
		861895A723E7ACE500A8350D /* Search.storyboard in Resources */ = {isa = PBXBuildFile; fileRef = 861895A623E7ACE500A8350D /* Search.storyboard */; };
		861895A923E7AFD900A8350D /* SearchResultCell.swift in Sources */ = {isa = PBXBuildFile; fileRef = 861895A823E7AFD900A8350D /* SearchResultCell.swift */; };
		861895AB23E7B0C400A8350D /* SearchViewController.swift in Sources */ = {isa = PBXBuildFile; fileRef = 861895AA23E7B0C400A8350D /* SearchViewController.swift */; };
		861895AE23E7B14000A8350D /* ReusableView.swift in Sources */ = {isa = PBXBuildFile; fileRef = 861895AD23E7B14000A8350D /* ReusableView.swift */; };
		861895B023E7B20F00A8350D /* UITableView+ReusableView.swift in Sources */ = {isa = PBXBuildFile; fileRef = 861895AF23E7B20F00A8350D /* UITableView+ReusableView.swift */; };
		86198F3E24132EAA007792AB /* EpisodeCell.swift in Sources */ = {isa = PBXBuildFile; fileRef = 86198F3D24132EAA007792AB /* EpisodeCell.swift */; };
		86198F4024133519007792AB /* Episode.swift in Sources */ = {isa = PBXBuildFile; fileRef = 86198F3F24133519007792AB /* Episode.swift */; };
		86198F42241337BB007792AB /* EpisodeCellViewModel.swift in Sources */ = {isa = PBXBuildFile; fileRef = 86198F41241337BB007792AB /* EpisodeCellViewModel.swift */; };
		8637987B23E8392A00B7C82D /* SearchResult.swift in Sources */ = {isa = PBXBuildFile; fileRef = 8637987A23E8392A00B7C82D /* SearchResult.swift */; };
		863C369823F22BD800591E09 /* APIError.swift in Sources */ = {isa = PBXBuildFile; fileRef = 863C369723F22BD800591E09 /* APIError.swift */; };
		8647BE9424448C97009F3D01 /* PlayerBar.swift in Sources */ = {isa = PBXBuildFile; fileRef = 8647BE9324448C97009F3D01 /* PlayerBar.swift */; };
		8647BE972444DD10009F3D01 /* ExtendedTabBar.swift in Sources */ = {isa = PBXBuildFile; fileRef = 8647BE962444DD10009F3D01 /* ExtendedTabBar.swift */; };
		8647BE992444DD46009F3D01 /* ExtendedTabBarController.swift in Sources */ = {isa = PBXBuildFile; fileRef = 8647BE982444DD46009F3D01 /* ExtendedTabBarController.swift */; };
		86657F272443F1B3001868A1 /* CMTime+FormattedString.swift in Sources */ = {isa = PBXBuildFile; fileRef = 86657F262443F1B3001868A1 /* CMTime+FormattedString.swift */; };
		8675B2D423F0E40600DE3B40 /* Endpoint.swift in Sources */ = {isa = PBXBuildFile; fileRef = 8675B2D323F0E40600DE3B40 /* Endpoint.swift */; };
		8675B2D623F0E43800DE3B40 /* ParameterKey.swift in Sources */ = {isa = PBXBuildFile; fileRef = 8675B2D523F0E43800DE3B40 /* ParameterKey.swift */; };
		8675B2D823F0E45200DE3B40 /* PodcastEndpoint.swift in Sources */ = {isa = PBXBuildFile; fileRef = 8675B2D723F0E45200DE3B40 /* PodcastEndpoint.swift */; };
		8675B2DA23F0E46700DE3B40 /* EndpointExamples.swift in Sources */ = {isa = PBXBuildFile; fileRef = 8675B2D923F0E46700DE3B40 /* EndpointExamples.swift */; };
		8675B2DC23F0E85200DE3B40 /* API.swift in Sources */ = {isa = PBXBuildFile; fileRef = 8675B2DB23F0E85200DE3B40 /* API.swift */; };
		8675B2DE23F0E91B00DE3B40 /* TopPodcastsAPI.swift in Sources */ = {isa = PBXBuildFile; fileRef = 8675B2DD23F0E91B00DE3B40 /* TopPodcastsAPI.swift */; };
		8675B2E623F0F25F00DE3B40 /* TopPodcastsAPITests.swift in Sources */ = {isa = PBXBuildFile; fileRef = 8675B2E523F0F25F00DE3B40 /* TopPodcastsAPITests.swift */; };
		867F632423F894840004DA67 /* PodcastSearchAPI.swift in Sources */ = {isa = PBXBuildFile; fileRef = 867F632323F894840004DA67 /* PodcastSearchAPI.swift */; };
		868326BF240355BB004CF362 /* PodcastDataManager.swift in Sources */ = {isa = PBXBuildFile; fileRef = 868326BE240355BB004CF362 /* PodcastDataManager.swift */; };
		8683423623FE12EF0054FF75 /* GenreLabel.swift in Sources */ = {isa = PBXBuildFile; fileRef = 8683423523FE12EF0054FF75 /* GenreLabel.swift */; };
		8683423823FE14810054FF75 /* SeparatorView.swift in Sources */ = {isa = PBXBuildFile; fileRef = 8683423723FE14810054FF75 /* SeparatorView.swift */; };
		8683B81823FB0C1200F12D2F /* JSONAPI.swift in Sources */ = {isa = PBXBuildFile; fileRef = 8683B81723FB0C1200F12D2F /* JSONAPI.swift */; };
		8683B81A23FB0D2500F12D2F /* ImageAPI.swift in Sources */ = {isa = PBXBuildFile; fileRef = 8683B81923FB0D2500F12D2F /* ImageAPI.swift */; };
		8683B81C23FB1A1E00F12D2F /* GradientBackgroundView.swift in Sources */ = {isa = PBXBuildFile; fileRef = 8683B81B23FB1A1E00F12D2F /* GradientBackgroundView.swift */; };
		868BFFB32446252100887958 /* SubscriptionsChanged.swift in Sources */ = {isa = PBXBuildFile; fileRef = 868BFFB22446252100887958 /* SubscriptionsChanged.swift */; };
		868BFFB5244625B700887958 /* TypedNotification.swift in Sources */ = {isa = PBXBuildFile; fileRef = 868BFFB4244625B700887958 /* TypedNotification.swift */; };
		868BFFBC24462E8700887958 /* EpisodeEntity+CoreDataClass.swift in Sources */ = {isa = PBXBuildFile; fileRef = 868BFFBA24462E8700887958 /* EpisodeEntity+CoreDataClass.swift */; };
		868BFFBD24462E8700887958 /* EpisodeEntity+CoreDataProperties.swift in Sources */ = {isa = PBXBuildFile; fileRef = 868BFFBB24462E8700887958 /* EpisodeEntity+CoreDataProperties.swift */; };
		868BFFC0244630BE00887958 /* ImportEpisodesOperation.swift in Sources */ = {isa = PBXBuildFile; fileRef = 868BFFBF244630BE00887958 /* ImportEpisodesOperation.swift */; };
		868BFFC2244631F800887958 /* BaseOperation.swift in Sources */ = {isa = PBXBuildFile; fileRef = 868BFFC1244631F800887958 /* BaseOperation.swift */; };
		868BFFC4244633C500887958 /* PersistenceManager.swift in Sources */ = {isa = PBXBuildFile; fileRef = 868BFFC3244633C500887958 /* PersistenceManager.swift */; };
		8694A7AA241541D90059554A /* String+HTML.swift in Sources */ = {isa = PBXBuildFile; fileRef = 8694A7A9241541D90059554A /* String+HTML.swift */; };
		8694A7AC241550980059554A /* PodcastLookupInfo.swift in Sources */ = {isa = PBXBuildFile; fileRef = 8694A7AB241550980059554A /* PodcastLookupInfo.swift */; };
		8694A7B0241558C80059554A /* Subscriptions.xcdatamodeld in Sources */ = {isa = PBXBuildFile; fileRef = 8694A7AE241558C80059554A /* Subscriptions.xcdatamodeld */; };
		8694A7B6241568A20059554A /* SubscriptionEntity+CoreDataClass.swift in Sources */ = {isa = PBXBuildFile; fileRef = 8694A7B2241568A10059554A /* SubscriptionEntity+CoreDataClass.swift */; };
		8694A7B7241568A20059554A /* PodcastEntity+CoreDataClass.swift in Sources */ = {isa = PBXBuildFile; fileRef = 8694A7B3241568A20059554A /* PodcastEntity+CoreDataClass.swift */; };
		8694A7B8241568A20059554A /* SubscriptionEntity+CoreDataProperties.swift in Sources */ = {isa = PBXBuildFile; fileRef = 8694A7B4241568A20059554A /* SubscriptionEntity+CoreDataProperties.swift */; };
		8694A7B9241568A20059554A /* PodcastEntity+CoreDataProperties.swift in Sources */ = {isa = PBXBuildFile; fileRef = 8694A7B5241568A20059554A /* PodcastEntity+CoreDataProperties.swift */; };
		8694A7BB2415691F0059554A /* SubscriptionStore.swift in Sources */ = {isa = PBXBuildFile; fileRef = 8694A7BA2415691F0059554A /* SubscriptionStore.swift */; };
		8694A7BD24157B640059554A /* PodcastViewModel.swift in Sources */ = {isa = PBXBuildFile; fileRef = 8694A7BC24157B640059554A /* PodcastViewModel.swift */; };
		8697FB6024164C6900958A9A /* Player.storyboard in Resources */ = {isa = PBXBuildFile; fileRef = 8697FB5F24164C6900958A9A /* Player.storyboard */; };
		8697FB6224164CCE00958A9A /* PlayerViewController.swift in Sources */ = {isa = PBXBuildFile; fileRef = 8697FB6124164CCE00958A9A /* PlayerViewController.swift */; };
		86A4B13D23E793EC001EA316 /* AppDelegate.swift in Sources */ = {isa = PBXBuildFile; fileRef = 86A4B13C23E793EC001EA316 /* AppDelegate.swift */; };
		86A4B13F23E793EC001EA316 /* SceneDelegate.swift in Sources */ = {isa = PBXBuildFile; fileRef = 86A4B13E23E793EC001EA316 /* SceneDelegate.swift */; };
		86A4B14423E793EC001EA316 /* Main.storyboard in Resources */ = {isa = PBXBuildFile; fileRef = 86A4B14223E793EC001EA316 /* Main.storyboard */; };
		86A4B14623E793ED001EA316 /* Assets.xcassets in Resources */ = {isa = PBXBuildFile; fileRef = 86A4B14523E793ED001EA316 /* Assets.xcassets */; };
		86A4B14923E793ED001EA316 /* LaunchScreen.storyboard in Resources */ = {isa = PBXBuildFile; fileRef = 86A4B14723E793ED001EA316 /* LaunchScreen.storyboard */; };
		86A4B15123E794F1001EA316 /* Theme.swift in Sources */ = {isa = PBXBuildFile; fileRef = 86A4B15023E794F1001EA316 /* Theme.swift */; };
		86A98FD52448E68A00923F8B /* FeedImporter.swift in Sources */ = {isa = PBXBuildFile; fileRef = 86A98FD42448E68A00923F8B /* FeedImporter.swift */; };
		86AEB64B23F9D970002E0393 /* PodcastFeedLoader.swift in Sources */ = {isa = PBXBuildFile; fileRef = 86AEB64A23F9D970002E0393 /* PodcastFeedLoader.swift */; };
		86AEB64D23F9D97E002E0393 /* Podcast.swift in Sources */ = {isa = PBXBuildFile; fileRef = 86AEB64C23F9D97E002E0393 /* Podcast.swift */; };
		86AEB64F23F9DB6B002E0393 /* PodcastLoadingError.swift in Sources */ = {isa = PBXBuildFile; fileRef = 86AEB64E23F9DB6B002E0393 /* PodcastLoadingError.swift */; };
		86AEB65123F9E895002E0393 /* PodcastFeedLoaderTest.swift in Sources */ = {isa = PBXBuildFile; fileRef = 86AEB65023F9E895002E0393 /* PodcastFeedLoaderTest.swift */; };
		86B975992401CAC9003846D6 /* SubscribeButton.swift in Sources */ = {isa = PBXBuildFile; fileRef = 86B975982401CAC9003846D6 /* SubscribeButton.swift */; };
		86B9759B2401CDED003846D6 /* UIImage+Colour.swift in Sources */ = {isa = PBXBuildFile; fileRef = 86B9759A2401CDED003846D6 /* UIImage+Colour.swift */; };
		86C5FCC423FA1E0200F9CEC5 /* PodcastDetail.storyboard in Resources */ = {isa = PBXBuildFile; fileRef = 86C5FCC323FA1E0200F9CEC5 /* PodcastDetail.storyboard */; };
		86C5FCC623FA1E4400F9CEC5 /* PodcastDetailViewController.swift in Sources */ = {isa = PBXBuildFile; fileRef = 86C5FCC523FA1E4400F9CEC5 /* PodcastDetailViewController.swift */; };
		86C5FCC823FA275400F9CEC5 /* PodcastDetailHeaderViewController.swift in Sources */ = {isa = PBXBuildFile; fileRef = 86C5FCC723FA275400F9CEC5 /* PodcastDetailHeaderViewController.swift */; };
		86C5FCCA23FA2C3300F9CEC5 /* SpinnerViewController.swift in Sources */ = {isa = PBXBuildFile; fileRef = 86C5FCC923FA2C3300F9CEC5 /* SpinnerViewController.swift */; };
		86D2AADA2445CFAA002ABE57 /* PodcastCell.swift in Sources */ = {isa = PBXBuildFile; fileRef = 86D2AAD92445CFAA002ABE57 /* PodcastCell.swift */; };
		86D2AADC2445D97A002ABE57 /* PodcastListTableViewController.swift in Sources */ = {isa = PBXBuildFile; fileRef = 86D2AADB2445D97A002ABE57 /* PodcastListTableViewController.swift */; };
		86D2AADF2445DC8C002ABE57 /* MyPodcasts.storyboard in Resources */ = {isa = PBXBuildFile; fileRef = 86D2AADE2445DC8C002ABE57 /* MyPodcasts.storyboard */; };
		86D2AAE12445F7BA002ABE57 /* MyPodcastsViewController.swift in Sources */ = {isa = PBXBuildFile; fileRef = 86D2AAE02445F7BA002ABE57 /* MyPodcastsViewController.swift */; };
		894B830F62A1F91AC3C40702 /* Pods_PodcastAppTests.framework in Frameworks */ = {isa = PBXBuildFile; fileRef = E6B76A6AEADACF2A88393370 /* Pods_PodcastAppTests.framework */; };
		EFC9E959627F0F2ACB5C407F /* Pods_PodcastApp.framework in Frameworks */ = {isa = PBXBuildFile; fileRef = 338CE9CC71F332BC0CD2C1FC /* Pods_PodcastApp.framework */; };
/* End PBXBuildFile section */

/* Begin PBXContainerItemProxy section */
		8675B2E823F0F25F00DE3B40 /* PBXContainerItemProxy */ = {
			isa = PBXContainerItemProxy;
			containerPortal = 86A4B13123E793EC001EA316 /* Project object */;
			proxyType = 1;
			remoteGlobalIDString = 86A4B13823E793EC001EA316;
			remoteInfo = PodcastApp;
		};
/* End PBXContainerItemProxy section */

/* Begin PBXFileReference section */
		338CE9CC71F332BC0CD2C1FC /* Pods_PodcastApp.framework */ = {isa = PBXFileReference; explicitFileType = wrapper.framework; includeInIndex = 0; path = Pods_PodcastApp.framework; sourceTree = BUILT_PRODUCTS_DIR; };
		861895A623E7ACE500A8350D /* Search.storyboard */ = {isa = PBXFileReference; lastKnownFileType = file.storyboard; path = Search.storyboard; sourceTree = "<group>"; };
		861895A823E7AFD900A8350D /* SearchResultCell.swift */ = {isa = PBXFileReference; lastKnownFileType = sourcecode.swift; path = SearchResultCell.swift; sourceTree = "<group>"; };
		861895AA23E7B0C400A8350D /* SearchViewController.swift */ = {isa = PBXFileReference; lastKnownFileType = sourcecode.swift; path = SearchViewController.swift; sourceTree = "<group>"; };
		861895AD23E7B14000A8350D /* ReusableView.swift */ = {isa = PBXFileReference; lastKnownFileType = sourcecode.swift; path = ReusableView.swift; sourceTree = "<group>"; };
		861895AF23E7B20F00A8350D /* UITableView+ReusableView.swift */ = {isa = PBXFileReference; lastKnownFileType = sourcecode.swift; path = "UITableView+ReusableView.swift"; sourceTree = "<group>"; };
		86198F3D24132EAA007792AB /* EpisodeCell.swift */ = {isa = PBXFileReference; lastKnownFileType = sourcecode.swift; path = EpisodeCell.swift; sourceTree = "<group>"; };
		86198F3F24133519007792AB /* Episode.swift */ = {isa = PBXFileReference; lastKnownFileType = sourcecode.swift; path = Episode.swift; sourceTree = "<group>"; };
		86198F41241337BB007792AB /* EpisodeCellViewModel.swift */ = {isa = PBXFileReference; lastKnownFileType = sourcecode.swift; path = EpisodeCellViewModel.swift; sourceTree = "<group>"; };
		8637987A23E8392A00B7C82D /* SearchResult.swift */ = {isa = PBXFileReference; lastKnownFileType = sourcecode.swift; path = SearchResult.swift; sourceTree = "<group>"; };
		863C369723F22BD800591E09 /* APIError.swift */ = {isa = PBXFileReference; lastKnownFileType = sourcecode.swift; path = APIError.swift; sourceTree = "<group>"; };
		8647BE9324448C97009F3D01 /* PlayerBar.swift */ = {isa = PBXFileReference; lastKnownFileType = sourcecode.swift; path = PlayerBar.swift; sourceTree = "<group>"; };
		8647BE962444DD10009F3D01 /* ExtendedTabBar.swift */ = {isa = PBXFileReference; lastKnownFileType = sourcecode.swift; path = ExtendedTabBar.swift; sourceTree = "<group>"; };
		8647BE982444DD46009F3D01 /* ExtendedTabBarController.swift */ = {isa = PBXFileReference; lastKnownFileType = sourcecode.swift; path = ExtendedTabBarController.swift; sourceTree = "<group>"; };
		86657F262443F1B3001868A1 /* CMTime+FormattedString.swift */ = {isa = PBXFileReference; lastKnownFileType = sourcecode.swift; path = "CMTime+FormattedString.swift"; sourceTree = "<group>"; };
		8675B2D323F0E40600DE3B40 /* Endpoint.swift */ = {isa = PBXFileReference; fileEncoding = 4; lastKnownFileType = sourcecode.swift; path = Endpoint.swift; sourceTree = "<group>"; };
		8675B2D523F0E43800DE3B40 /* ParameterKey.swift */ = {isa = PBXFileReference; fileEncoding = 4; lastKnownFileType = sourcecode.swift; path = ParameterKey.swift; sourceTree = "<group>"; };
		8675B2D723F0E45200DE3B40 /* PodcastEndpoint.swift */ = {isa = PBXFileReference; lastKnownFileType = sourcecode.swift; path = PodcastEndpoint.swift; sourceTree = "<group>"; };
		8675B2D923F0E46700DE3B40 /* EndpointExamples.swift */ = {isa = PBXFileReference; lastKnownFileType = sourcecode.swift; path = EndpointExamples.swift; sourceTree = "<group>"; };
		8675B2DB23F0E85200DE3B40 /* API.swift */ = {isa = PBXFileReference; lastKnownFileType = sourcecode.swift; path = API.swift; sourceTree = "<group>"; };
		8675B2DD23F0E91B00DE3B40 /* TopPodcastsAPI.swift */ = {isa = PBXFileReference; lastKnownFileType = sourcecode.swift; path = TopPodcastsAPI.swift; sourceTree = "<group>"; };
		8675B2E323F0F25F00DE3B40 /* PodcastAppTests.xctest */ = {isa = PBXFileReference; explicitFileType = wrapper.cfbundle; includeInIndex = 0; path = PodcastAppTests.xctest; sourceTree = BUILT_PRODUCTS_DIR; };
		8675B2E523F0F25F00DE3B40 /* TopPodcastsAPITests.swift */ = {isa = PBXFileReference; lastKnownFileType = sourcecode.swift; path = TopPodcastsAPITests.swift; sourceTree = "<group>"; };
		8675B2E723F0F25F00DE3B40 /* Info.plist */ = {isa = PBXFileReference; lastKnownFileType = text.plist.xml; path = Info.plist; sourceTree = "<group>"; };
		867F632323F894840004DA67 /* PodcastSearchAPI.swift */ = {isa = PBXFileReference; lastKnownFileType = sourcecode.swift; path = PodcastSearchAPI.swift; sourceTree = "<group>"; };
		868326BE240355BB004CF362 /* PodcastDataManager.swift */ = {isa = PBXFileReference; lastKnownFileType = sourcecode.swift; path = PodcastDataManager.swift; sourceTree = "<group>"; };
		8683423523FE12EF0054FF75 /* GenreLabel.swift */ = {isa = PBXFileReference; lastKnownFileType = sourcecode.swift; path = GenreLabel.swift; sourceTree = "<group>"; };
		8683423723FE14810054FF75 /* SeparatorView.swift */ = {isa = PBXFileReference; lastKnownFileType = sourcecode.swift; path = SeparatorView.swift; sourceTree = "<group>"; };
		8683B81723FB0C1200F12D2F /* JSONAPI.swift */ = {isa = PBXFileReference; lastKnownFileType = sourcecode.swift; path = JSONAPI.swift; sourceTree = "<group>"; };
		8683B81923FB0D2500F12D2F /* ImageAPI.swift */ = {isa = PBXFileReference; lastKnownFileType = sourcecode.swift; path = ImageAPI.swift; sourceTree = "<group>"; };
		8683B81B23FB1A1E00F12D2F /* GradientBackgroundView.swift */ = {isa = PBXFileReference; lastKnownFileType = sourcecode.swift; path = GradientBackgroundView.swift; sourceTree = "<group>"; };
		868BFFB22446252100887958 /* SubscriptionsChanged.swift */ = {isa = PBXFileReference; lastKnownFileType = sourcecode.swift; path = SubscriptionsChanged.swift; sourceTree = "<group>"; };
		868BFFB4244625B700887958 /* TypedNotification.swift */ = {isa = PBXFileReference; lastKnownFileType = sourcecode.swift; path = TypedNotification.swift; sourceTree = "<group>"; };
		868BFFBA24462E8700887958 /* EpisodeEntity+CoreDataClass.swift */ = {isa = PBXFileReference; lastKnownFileType = sourcecode.swift; path = "EpisodeEntity+CoreDataClass.swift"; sourceTree = "<group>"; };
		868BFFBB24462E8700887958 /* EpisodeEntity+CoreDataProperties.swift */ = {isa = PBXFileReference; lastKnownFileType = sourcecode.swift; path = "EpisodeEntity+CoreDataProperties.swift"; sourceTree = "<group>"; };
		868BFFBF244630BE00887958 /* ImportEpisodesOperation.swift */ = {isa = PBXFileReference; lastKnownFileType = sourcecode.swift; path = ImportEpisodesOperation.swift; sourceTree = "<group>"; };
		868BFFC1244631F800887958 /* BaseOperation.swift */ = {isa = PBXFileReference; fileEncoding = 4; lastKnownFileType = sourcecode.swift; path = BaseOperation.swift; sourceTree = "<group>"; };
		868BFFC3244633C500887958 /* PersistenceManager.swift */ = {isa = PBXFileReference; lastKnownFileType = sourcecode.swift; path = PersistenceManager.swift; sourceTree = "<group>"; };
		8694A7A9241541D90059554A /* String+HTML.swift */ = {isa = PBXFileReference; lastKnownFileType = sourcecode.swift; path = "String+HTML.swift"; sourceTree = "<group>"; };
		8694A7AB241550980059554A /* PodcastLookupInfo.swift */ = {isa = PBXFileReference; lastKnownFileType = sourcecode.swift; path = PodcastLookupInfo.swift; sourceTree = "<group>"; };
		8694A7AF241558C80059554A /* Subscriptions.xcdatamodel */ = {isa = PBXFileReference; lastKnownFileType = wrapper.xcdatamodel; path = Subscriptions.xcdatamodel; sourceTree = "<group>"; };
		8694A7B2241568A10059554A /* SubscriptionEntity+CoreDataClass.swift */ = {isa = PBXFileReference; fileEncoding = 4; lastKnownFileType = sourcecode.swift; path = "SubscriptionEntity+CoreDataClass.swift"; sourceTree = "<group>"; };
		8694A7B3241568A20059554A /* PodcastEntity+CoreDataClass.swift */ = {isa = PBXFileReference; fileEncoding = 4; lastKnownFileType = sourcecode.swift; path = "PodcastEntity+CoreDataClass.swift"; sourceTree = "<group>"; };
		8694A7B4241568A20059554A /* SubscriptionEntity+CoreDataProperties.swift */ = {isa = PBXFileReference; fileEncoding = 4; lastKnownFileType = sourcecode.swift; path = "SubscriptionEntity+CoreDataProperties.swift"; sourceTree = "<group>"; };
		8694A7B5241568A20059554A /* PodcastEntity+CoreDataProperties.swift */ = {isa = PBXFileReference; fileEncoding = 4; lastKnownFileType = sourcecode.swift; path = "PodcastEntity+CoreDataProperties.swift"; sourceTree = "<group>"; };
		8694A7BA2415691F0059554A /* SubscriptionStore.swift */ = {isa = PBXFileReference; lastKnownFileType = sourcecode.swift; path = SubscriptionStore.swift; sourceTree = "<group>"; };
		8694A7BC24157B640059554A /* PodcastViewModel.swift */ = {isa = PBXFileReference; lastKnownFileType = sourcecode.swift; path = PodcastViewModel.swift; sourceTree = "<group>"; };
		8697FB5F24164C6900958A9A /* Player.storyboard */ = {isa = PBXFileReference; lastKnownFileType = file.storyboard; path = Player.storyboard; sourceTree = "<group>"; };
		8697FB6124164CCE00958A9A /* PlayerViewController.swift */ = {isa = PBXFileReference; lastKnownFileType = sourcecode.swift; path = PlayerViewController.swift; sourceTree = "<group>"; };
		86A4B13923E793EC001EA316 /* PodcastApp.app */ = {isa = PBXFileReference; explicitFileType = wrapper.application; includeInIndex = 0; path = PodcastApp.app; sourceTree = BUILT_PRODUCTS_DIR; };
		86A4B13C23E793EC001EA316 /* AppDelegate.swift */ = {isa = PBXFileReference; lastKnownFileType = sourcecode.swift; path = AppDelegate.swift; sourceTree = "<group>"; };
		86A4B13E23E793EC001EA316 /* SceneDelegate.swift */ = {isa = PBXFileReference; lastKnownFileType = sourcecode.swift; path = SceneDelegate.swift; sourceTree = "<group>"; };
		86A4B14323E793EC001EA316 /* Base */ = {isa = PBXFileReference; lastKnownFileType = file.storyboard; name = Base; path = Base.lproj/Main.storyboard; sourceTree = "<group>"; };
		86A4B14523E793ED001EA316 /* Assets.xcassets */ = {isa = PBXFileReference; lastKnownFileType = folder.assetcatalog; path = Assets.xcassets; sourceTree = "<group>"; };
		86A4B14823E793ED001EA316 /* Base */ = {isa = PBXFileReference; lastKnownFileType = file.storyboard; name = Base; path = Base.lproj/LaunchScreen.storyboard; sourceTree = "<group>"; };
		86A4B14A23E793EE001EA316 /* Info.plist */ = {isa = PBXFileReference; lastKnownFileType = text.plist.xml; path = Info.plist; sourceTree = "<group>"; };
		86A4B15023E794F1001EA316 /* Theme.swift */ = {isa = PBXFileReference; lastKnownFileType = sourcecode.swift; path = Theme.swift; sourceTree = "<group>"; };
		86A98FD42448E68A00923F8B /* FeedImporter.swift */ = {isa = PBXFileReference; lastKnownFileType = sourcecode.swift; path = FeedImporter.swift; sourceTree = "<group>"; };
		86AEB64A23F9D970002E0393 /* PodcastFeedLoader.swift */ = {isa = PBXFileReference; lastKnownFileType = sourcecode.swift; path = PodcastFeedLoader.swift; sourceTree = "<group>"; };
		86AEB64C23F9D97E002E0393 /* Podcast.swift */ = {isa = PBXFileReference; lastKnownFileType = sourcecode.swift; path = Podcast.swift; sourceTree = "<group>"; };
		86AEB64E23F9DB6B002E0393 /* PodcastLoadingError.swift */ = {isa = PBXFileReference; lastKnownFileType = sourcecode.swift; path = PodcastLoadingError.swift; sourceTree = "<group>"; };
		86AEB65023F9E895002E0393 /* PodcastFeedLoaderTest.swift */ = {isa = PBXFileReference; lastKnownFileType = sourcecode.swift; path = PodcastFeedLoaderTest.swift; sourceTree = "<group>"; };
		86B975982401CAC9003846D6 /* SubscribeButton.swift */ = {isa = PBXFileReference; lastKnownFileType = sourcecode.swift; path = SubscribeButton.swift; sourceTree = "<group>"; };
		86B9759A2401CDED003846D6 /* UIImage+Colour.swift */ = {isa = PBXFileReference; lastKnownFileType = sourcecode.swift; path = "UIImage+Colour.swift"; sourceTree = "<group>"; };
		86C5FCC323FA1E0200F9CEC5 /* PodcastDetail.storyboard */ = {isa = PBXFileReference; lastKnownFileType = file.storyboard; path = PodcastDetail.storyboard; sourceTree = "<group>"; };
		86C5FCC523FA1E4400F9CEC5 /* PodcastDetailViewController.swift */ = {isa = PBXFileReference; lastKnownFileType = sourcecode.swift; path = PodcastDetailViewController.swift; sourceTree = "<group>"; };
		86C5FCC723FA275400F9CEC5 /* PodcastDetailHeaderViewController.swift */ = {isa = PBXFileReference; lastKnownFileType = sourcecode.swift; path = PodcastDetailHeaderViewController.swift; sourceTree = "<group>"; };
		86C5FCC923FA2C3300F9CEC5 /* SpinnerViewController.swift */ = {isa = PBXFileReference; lastKnownFileType = sourcecode.swift; path = SpinnerViewController.swift; sourceTree = "<group>"; };
		86D2AAD92445CFAA002ABE57 /* PodcastCell.swift */ = {isa = PBXFileReference; lastKnownFileType = sourcecode.swift; path = PodcastCell.swift; sourceTree = "<group>"; };
		86D2AADB2445D97A002ABE57 /* PodcastListTableViewController.swift */ = {isa = PBXFileReference; lastKnownFileType = sourcecode.swift; path = PodcastListTableViewController.swift; sourceTree = "<group>"; };
		86D2AADE2445DC8C002ABE57 /* MyPodcasts.storyboard */ = {isa = PBXFileReference; lastKnownFileType = file.storyboard; path = MyPodcasts.storyboard; sourceTree = "<group>"; };
		86D2AAE02445F7BA002ABE57 /* MyPodcastsViewController.swift */ = {isa = PBXFileReference; lastKnownFileType = sourcecode.swift; path = MyPodcastsViewController.swift; sourceTree = "<group>"; };
		94098E1768894F4AB91F6C5C /* Pods-PodcastAppTests.debug.xcconfig */ = {isa = PBXFileReference; includeInIndex = 1; lastKnownFileType = text.xcconfig; name = "Pods-PodcastAppTests.debug.xcconfig"; path = "Target Support Files/Pods-PodcastAppTests/Pods-PodcastAppTests.debug.xcconfig"; sourceTree = "<group>"; };
		AE24F2AE4729526A1C5156E1 /* Pods-PodcastApp.debug.xcconfig */ = {isa = PBXFileReference; includeInIndex = 1; lastKnownFileType = text.xcconfig; name = "Pods-PodcastApp.debug.xcconfig"; path = "Target Support Files/Pods-PodcastApp/Pods-PodcastApp.debug.xcconfig"; sourceTree = "<group>"; };
		AEAE9E7C31D83910BA76E1D9 /* Pods-PodcastAppTests.release.xcconfig */ = {isa = PBXFileReference; includeInIndex = 1; lastKnownFileType = text.xcconfig; name = "Pods-PodcastAppTests.release.xcconfig"; path = "Target Support Files/Pods-PodcastAppTests/Pods-PodcastAppTests.release.xcconfig"; sourceTree = "<group>"; };
		C3796EB8B5FB4C3F53EFD0C4 /* Pods-PodcastApp.release.xcconfig */ = {isa = PBXFileReference; includeInIndex = 1; lastKnownFileType = text.xcconfig; name = "Pods-PodcastApp.release.xcconfig"; path = "Target Support Files/Pods-PodcastApp/Pods-PodcastApp.release.xcconfig"; sourceTree = "<group>"; };
		E6B76A6AEADACF2A88393370 /* Pods_PodcastAppTests.framework */ = {isa = PBXFileReference; explicitFileType = wrapper.framework; includeInIndex = 0; path = Pods_PodcastAppTests.framework; sourceTree = BUILT_PRODUCTS_DIR; };
/* End PBXFileReference section */

/* Begin PBXFrameworksBuildPhase section */
		8675B2E023F0F25F00DE3B40 /* Frameworks */ = {
			isa = PBXFrameworksBuildPhase;
			buildActionMask = 2147483647;
			files = (
				894B830F62A1F91AC3C40702 /* Pods_PodcastAppTests.framework in Frameworks */,
			);
			runOnlyForDeploymentPostprocessing = 0;
		};
		86A4B13623E793EC001EA316 /* Frameworks */ = {
			isa = PBXFrameworksBuildPhase;
			buildActionMask = 2147483647;
			files = (
				EFC9E959627F0F2ACB5C407F /* Pods_PodcastApp.framework in Frameworks */,
			);
			runOnlyForDeploymentPostprocessing = 0;
		};
/* End PBXFrameworksBuildPhase section */

/* Begin PBXGroup section */
		00E12D7805AD1397DEE4ECF6 /* Pods */ = {
			isa = PBXGroup;
			children = (
				AE24F2AE4729526A1C5156E1 /* Pods-PodcastApp.debug.xcconfig */,
				C3796EB8B5FB4C3F53EFD0C4 /* Pods-PodcastApp.release.xcconfig */,
				94098E1768894F4AB91F6C5C /* Pods-PodcastAppTests.debug.xcconfig */,
				AEAE9E7C31D83910BA76E1D9 /* Pods-PodcastAppTests.release.xcconfig */,
			);
			path = Pods;
			sourceTree = "<group>";
		};
		861895A523E7AC8C00A8350D /* Search */ = {
			isa = PBXGroup;
			children = (
				861895A623E7ACE500A8350D /* Search.storyboard */,
				861895A823E7AFD900A8350D /* SearchResultCell.swift */,
				8637987A23E8392A00B7C82D /* SearchResult.swift */,
				861895AA23E7B0C400A8350D /* SearchViewController.swift */,
			);
			path = Search;
			sourceTree = "<group>";
		};
		861895AC23E7B10700A8350D /* Utility */ = {
			isa = PBXGroup;
			children = (
				861895AD23E7B14000A8350D /* ReusableView.swift */,
				861895AF23E7B20F00A8350D /* UITableView+ReusableView.swift */,
				86B9759A2401CDED003846D6 /* UIImage+Colour.swift */,
				8694A7A9241541D90059554A /* String+HTML.swift */,
				86657F262443F1B3001868A1 /* CMTime+FormattedString.swift */,
			);
			path = Utility;
			sourceTree = "<group>";
		};
		8647BE952444DCE1009F3D01 /* Extended Tab Bar */ = {
			isa = PBXGroup;
			children = (
				8647BE982444DD46009F3D01 /* ExtendedTabBarController.swift */,
				8647BE962444DD10009F3D01 /* ExtendedTabBar.swift */,
			);
			path = "Extended Tab Bar";
			sourceTree = "<group>";
		};
		8675B2D123F0E3EC00DE3B40 /* Network */ = {
			isa = PBXGroup;
			children = (
				8675B2DD23F0E91B00DE3B40 /* TopPodcastsAPI.swift */,
				867F632323F894840004DA67 /* PodcastSearchAPI.swift */,
				8683B81923FB0D2500F12D2F /* ImageAPI.swift */,
				8683B81723FB0C1200F12D2F /* JSONAPI.swift */,
				8675B2DB23F0E85200DE3B40 /* API.swift */,
				863C369723F22BD800591E09 /* APIError.swift */,
				8675B2D223F0E3F500DE3B40 /* Endpoint */,
				86C5FCC923FA2C3300F9CEC5 /* SpinnerViewController.swift */,
			);
			path = Network;
			sourceTree = "<group>";
		};
		8675B2D223F0E3F500DE3B40 /* Endpoint */ = {
			isa = PBXGroup;
			children = (
				8675B2D323F0E40600DE3B40 /* Endpoint.swift */,
				8675B2D523F0E43800DE3B40 /* ParameterKey.swift */,
				8675B2D723F0E45200DE3B40 /* PodcastEndpoint.swift */,
				8675B2D923F0E46700DE3B40 /* EndpointExamples.swift */,
			);
			path = Endpoint;
			sourceTree = "<group>";
		};
		8675B2E423F0F25F00DE3B40 /* PodcastAppTests */ = {
			isa = PBXGroup;
			children = (
				8675B2E523F0F25F00DE3B40 /* TopPodcastsAPITests.swift */,
				8675B2E723F0F25F00DE3B40 /* Info.plist */,
				86AEB65023F9E895002E0393 /* PodcastFeedLoaderTest.swift */,
			);
			path = PodcastAppTests;
			sourceTree = "<group>";
		};
		868BFFB12446250900887958 /* Notifications */ = {
			isa = PBXGroup;
			children = (
				868BFFB22446252100887958 /* SubscriptionsChanged.swift */,
				868BFFB4244625B700887958 /* TypedNotification.swift */,
			);
			path = Notifications;
			sourceTree = "<group>";
		};
		868BFFBE2446309000887958 /* Operations */ = {
			isa = PBXGroup;
			children = (
				868BFFC1244631F800887958 /* BaseOperation.swift */,
				868BFFBF244630BE00887958 /* ImportEpisodesOperation.swift */,
			);
			path = Operations;
			sourceTree = "<group>";
		};
		8694A7AD2415589C0059554A /* Stores */ = {
			isa = PBXGroup;
			children = (
				8694A7B12415685D0059554A /* Entities */,
				8694A7AE241558C80059554A /* Subscriptions.xcdatamodeld */,
			);
			path = Stores;
			sourceTree = "<group>";
		};
		8694A7B12415685D0059554A /* Entities */ = {
			isa = PBXGroup;
			children = (
				8694A7B3241568A20059554A /* PodcastEntity+CoreDataClass.swift */,
				8694A7B5241568A20059554A /* PodcastEntity+CoreDataProperties.swift */,
				8694A7B2241568A10059554A /* SubscriptionEntity+CoreDataClass.swift */,
				8694A7B4241568A20059554A /* SubscriptionEntity+CoreDataProperties.swift */,
				868BFFBA24462E8700887958 /* EpisodeEntity+CoreDataClass.swift */,
				868BFFBB24462E8700887958 /* EpisodeEntity+CoreDataProperties.swift */,
				8694A7BA2415691F0059554A /* SubscriptionStore.swift */,
				868BFFC3244633C500887958 /* PersistenceManager.swift */,
			);
			path = Entities;
			sourceTree = "<group>";
		};
		8697FB5E24164C4600958A9A /* Player */ = {
			isa = PBXGroup;
			children = (
				8697FB5F24164C6900958A9A /* Player.storyboard */,
				8697FB6124164CCE00958A9A /* PlayerViewController.swift */,
				8647BE9324448C97009F3D01 /* PlayerBar.swift */,
			);
			path = Player;
			sourceTree = "<group>";
		};
		86A4B13023E793EC001EA316 = {
			isa = PBXGroup;
			children = (
				86A4B13B23E793EC001EA316 /* PodcastApp */,
				8675B2E423F0F25F00DE3B40 /* PodcastAppTests */,
				86A4B13A23E793EC001EA316 /* Products */,
				00E12D7805AD1397DEE4ECF6 /* Pods */,
				928F54CD48DE37C14B1D6044 /* Frameworks */,
			);
			sourceTree = "<group>";
		};
		86A4B13A23E793EC001EA316 /* Products */ = {
			isa = PBXGroup;
			children = (
				86A4B13923E793EC001EA316 /* PodcastApp.app */,
				8675B2E323F0F25F00DE3B40 /* PodcastAppTests.xctest */,
			);
			name = Products;
			sourceTree = "<group>";
		};
		86A4B13B23E793EC001EA316 /* PodcastApp */ = {
			isa = PBXGroup;
			children = (
				86A4B13C23E793EC001EA316 /* AppDelegate.swift */,
				86A4B13E23E793EC001EA316 /* SceneDelegate.swift */,
				86A4B14223E793EC001EA316 /* Main.storyboard */,
				868BFFB12446250900887958 /* Notifications */,
				8694A7AD2415589C0059554A /* Stores */,
				86AEB64923F9D961002E0393 /* Models */,
				86AEB64823F9D93F002E0393 /* Data */,
				868BFFBE2446309000887958 /* Operations */,
				8675B2D123F0E3EC00DE3B40 /* Network */,
				861895AC23E7B10700A8350D /* Utility */,
				86C5FCC223FA1DCE00F9CEC5 /* Podcast Detail */,
				8697FB5E24164C4600958A9A /* Player */,
				8647BE952444DCE1009F3D01 /* Extended Tab Bar */,
				86D2AAD62445CF31002ABE57 /* Shared */,
				86D2AADD2445DC29002ABE57 /* My Podcasts */,
				861895A523E7AC8C00A8350D /* Search */,
				86A4B15023E794F1001EA316 /* Theme.swift */,
				86A4B14523E793ED001EA316 /* Assets.xcassets */,
				86A4B14723E793ED001EA316 /* LaunchScreen.storyboard */,
				86A4B14A23E793EE001EA316 /* Info.plist */,
			);
			path = PodcastApp;
			sourceTree = "<group>";
		};
		86AEB64823F9D93F002E0393 /* Data */ = {
			isa = PBXGroup;
			children = (
				86AEB64A23F9D970002E0393 /* PodcastFeedLoader.swift */,
				86AEB64E23F9DB6B002E0393 /* PodcastLoadingError.swift */,
				868326BE240355BB004CF362 /* PodcastDataManager.swift */,
				86A98FD42448E68A00923F8B /* FeedImporter.swift */,
			);
			path = Data;
			sourceTree = "<group>";
		};
		86AEB64923F9D961002E0393 /* Models */ = {
			isa = PBXGroup;
			children = (
				86AEB64C23F9D97E002E0393 /* Podcast.swift */,
				86198F3F24133519007792AB /* Episode.swift */,
				8694A7AB241550980059554A /* PodcastLookupInfo.swift */,
			);
			path = Models;
			sourceTree = "<group>";
		};
		86C5FCC223FA1DCE00F9CEC5 /* Podcast Detail */ = {
			isa = PBXGroup;
			children = (
				86C5FCC323FA1E0200F9CEC5 /* PodcastDetail.storyboard */,
				86C5FCC523FA1E4400F9CEC5 /* PodcastDetailViewController.swift */,
				86C5FCC723FA275400F9CEC5 /* PodcastDetailHeaderViewController.swift */,
				8683B81B23FB1A1E00F12D2F /* GradientBackgroundView.swift */,
				8683423523FE12EF0054FF75 /* GenreLabel.swift */,
				8683423723FE14810054FF75 /* SeparatorView.swift */,
				86B975982401CAC9003846D6 /* SubscribeButton.swift */,
				86198F3D24132EAA007792AB /* EpisodeCell.swift */,
				86198F41241337BB007792AB /* EpisodeCellViewModel.swift */,
				8694A7BC24157B640059554A /* PodcastViewModel.swift */,
			);
			path = "Podcast Detail";
			sourceTree = "<group>";
		};
		86D2AAD62445CF31002ABE57 /* Shared */ = {
			isa = PBXGroup;
			children = (
				86D2AAD92445CFAA002ABE57 /* PodcastCell.swift */,
				86D2AADB2445D97A002ABE57 /* PodcastListTableViewController.swift */,
			);
			path = Shared;
			sourceTree = "<group>";
		};
		86D2AADD2445DC29002ABE57 /* My Podcasts */ = {
			isa = PBXGroup;
			children = (
				86D2AADE2445DC8C002ABE57 /* MyPodcasts.storyboard */,
				86D2AAE02445F7BA002ABE57 /* MyPodcastsViewController.swift */,
			);
			path = "My Podcasts";
			sourceTree = "<group>";
		};
		928F54CD48DE37C14B1D6044 /* Frameworks */ = {
			isa = PBXGroup;
			children = (
				338CE9CC71F332BC0CD2C1FC /* Pods_PodcastApp.framework */,
				E6B76A6AEADACF2A88393370 /* Pods_PodcastAppTests.framework */,
			);
			name = Frameworks;
			sourceTree = "<group>";
		};
/* End PBXGroup section */

/* Begin PBXNativeTarget section */
		8675B2E223F0F25F00DE3B40 /* PodcastAppTests */ = {
			isa = PBXNativeTarget;
			buildConfigurationList = 8675B2EA23F0F25F00DE3B40 /* Build configuration list for PBXNativeTarget "PodcastAppTests" */;
			buildPhases = (
				76A199941DA85E2BF7BFA253 /* [CP] Check Pods Manifest.lock */,
				8675B2DF23F0F25F00DE3B40 /* Sources */,
				8675B2E023F0F25F00DE3B40 /* Frameworks */,
				8675B2E123F0F25F00DE3B40 /* Resources */,
			);
			buildRules = (
			);
			dependencies = (
				8675B2E923F0F25F00DE3B40 /* PBXTargetDependency */,
			);
			name = PodcastAppTests;
			productName = PodcastAppTests;
			productReference = 8675B2E323F0F25F00DE3B40 /* PodcastAppTests.xctest */;
			productType = "com.apple.product-type.bundle.unit-test";
		};
		86A4B13823E793EC001EA316 /* PodcastApp */ = {
			isa = PBXNativeTarget;
			buildConfigurationList = 86A4B14D23E793EE001EA316 /* Build configuration list for PBXNativeTarget "PodcastApp" */;
			buildPhases = (
				E54C6B5A6BDFFE25048630F9 /* [CP] Check Pods Manifest.lock */,
				86A4B13523E793EC001EA316 /* Sources */,
				86A4B13623E793EC001EA316 /* Frameworks */,
				86A4B13723E793EC001EA316 /* Resources */,
				54AD712A476EAF2967C555A2 /* [CP] Embed Pods Frameworks */,
			);
			buildRules = (
			);
			dependencies = (
			);
			name = PodcastApp;
			productName = PodcastApp;
			productReference = 86A4B13923E793EC001EA316 /* PodcastApp.app */;
			productType = "com.apple.product-type.application";
		};
/* End PBXNativeTarget section */

/* Begin PBXProject section */
		86A4B13123E793EC001EA316 /* Project object */ = {
			isa = PBXProject;
			attributes = {
				LastSwiftUpdateCheck = 1120;
				LastUpgradeCheck = 1120;
				ORGANIZATIONNAME = "Gavin Butler";
				TargetAttributes = {
					8675B2E223F0F25F00DE3B40 = {
						CreatedOnToolsVersion = 11.2;
						TestTargetID = 86A4B13823E793EC001EA316;
					};
					86A4B13823E793EC001EA316 = {
						CreatedOnToolsVersion = 11.2;
					};
				};
			};
			buildConfigurationList = 86A4B13423E793EC001EA316 /* Build configuration list for PBXProject "PodcastApp" */;
			compatibilityVersion = "Xcode 9.3";
			developmentRegion = en;
			hasScannedForEncodings = 0;
			knownRegions = (
				en,
				Base,
			);
			mainGroup = 86A4B13023E793EC001EA316;
			productRefGroup = 86A4B13A23E793EC001EA316 /* Products */;
			projectDirPath = "";
			projectRoot = "";
			targets = (
				86A4B13823E793EC001EA316 /* PodcastApp */,
				8675B2E223F0F25F00DE3B40 /* PodcastAppTests */,
			);
		};
/* End PBXProject section */

/* Begin PBXResourcesBuildPhase section */
		8675B2E123F0F25F00DE3B40 /* Resources */ = {
			isa = PBXResourcesBuildPhase;
			buildActionMask = 2147483647;
			files = (
			);
			runOnlyForDeploymentPostprocessing = 0;
		};
		86A4B13723E793EC001EA316 /* Resources */ = {
			isa = PBXResourcesBuildPhase;
			buildActionMask = 2147483647;
			files = (
				86A4B14923E793ED001EA316 /* LaunchScreen.storyboard in Resources */,
				86A4B14623E793ED001EA316 /* Assets.xcassets in Resources */,
				86C5FCC423FA1E0200F9CEC5 /* PodcastDetail.storyboard in Resources */,
				861895A723E7ACE500A8350D /* Search.storyboard in Resources */,
				86D2AADF2445DC8C002ABE57 /* MyPodcasts.storyboard in Resources */,
				86A4B14423E793EC001EA316 /* Main.storyboard in Resources */,
				8697FB6024164C6900958A9A /* Player.storyboard in Resources */,
			);
			runOnlyForDeploymentPostprocessing = 0;
		};
/* End PBXResourcesBuildPhase section */

/* Begin PBXShellScriptBuildPhase section */
		54AD712A476EAF2967C555A2 /* [CP] Embed Pods Frameworks */ = {
			isa = PBXShellScriptBuildPhase;
			buildActionMask = 2147483647;
			files = (
			);
			inputFileListPaths = (
				"${PODS_ROOT}/Target Support Files/Pods-PodcastApp/Pods-PodcastApp-frameworks-${CONFIGURATION}-input-files.xcfilelist",
			);
			name = "[CP] Embed Pods Frameworks";
			outputFileListPaths = (
				"${PODS_ROOT}/Target Support Files/Pods-PodcastApp/Pods-PodcastApp-frameworks-${CONFIGURATION}-output-files.xcfilelist",
			);
			runOnlyForDeploymentPostprocessing = 0;
			shellPath = /bin/sh;
			shellScript = "\"${PODS_ROOT}/Target Support Files/Pods-PodcastApp/Pods-PodcastApp-frameworks.sh\"\n";
			showEnvVarsInLog = 0;
		};
		76A199941DA85E2BF7BFA253 /* [CP] Check Pods Manifest.lock */ = {
			isa = PBXShellScriptBuildPhase;
			buildActionMask = 2147483647;
			files = (
			);
			inputFileListPaths = (
			);
			inputPaths = (
				"${PODS_PODFILE_DIR_PATH}/Podfile.lock",
				"${PODS_ROOT}/Manifest.lock",
			);
			name = "[CP] Check Pods Manifest.lock";
			outputFileListPaths = (
			);
			outputPaths = (
				"$(DERIVED_FILE_DIR)/Pods-PodcastAppTests-checkManifestLockResult.txt",
			);
			runOnlyForDeploymentPostprocessing = 0;
			shellPath = /bin/sh;
			shellScript = "diff \"${PODS_PODFILE_DIR_PATH}/Podfile.lock\" \"${PODS_ROOT}/Manifest.lock\" > /dev/null\nif [ $? != 0 ] ; then\n    # print error to STDERR\n    echo \"error: The sandbox is not in sync with the Podfile.lock. Run 'pod install' or update your CocoaPods installation.\" >&2\n    exit 1\nfi\n# This output is used by Xcode 'outputs' to avoid re-running this script phase.\necho \"SUCCESS\" > \"${SCRIPT_OUTPUT_FILE_0}\"\n";
			showEnvVarsInLog = 0;
		};
		E54C6B5A6BDFFE25048630F9 /* [CP] Check Pods Manifest.lock */ = {
			isa = PBXShellScriptBuildPhase;
			buildActionMask = 2147483647;
			files = (
			);
			inputFileListPaths = (
			);
			inputPaths = (
				"${PODS_PODFILE_DIR_PATH}/Podfile.lock",
				"${PODS_ROOT}/Manifest.lock",
			);
			name = "[CP] Check Pods Manifest.lock";
			outputFileListPaths = (
			);
			outputPaths = (
				"$(DERIVED_FILE_DIR)/Pods-PodcastApp-checkManifestLockResult.txt",
			);
			runOnlyForDeploymentPostprocessing = 0;
			shellPath = /bin/sh;
			shellScript = "diff \"${PODS_PODFILE_DIR_PATH}/Podfile.lock\" \"${PODS_ROOT}/Manifest.lock\" > /dev/null\nif [ $? != 0 ] ; then\n    # print error to STDERR\n    echo \"error: The sandbox is not in sync with the Podfile.lock. Run 'pod install' or update your CocoaPods installation.\" >&2\n    exit 1\nfi\n# This output is used by Xcode 'outputs' to avoid re-running this script phase.\necho \"SUCCESS\" > \"${SCRIPT_OUTPUT_FILE_0}\"\n";
			showEnvVarsInLog = 0;
		};
/* End PBXShellScriptBuildPhase section */

/* Begin PBXSourcesBuildPhase section */
		8675B2DF23F0F25F00DE3B40 /* Sources */ = {
			isa = PBXSourcesBuildPhase;
			buildActionMask = 2147483647;
			files = (
				8675B2E623F0F25F00DE3B40 /* TopPodcastsAPITests.swift in Sources */,
				86AEB65123F9E895002E0393 /* PodcastFeedLoaderTest.swift in Sources */,
			);
			runOnlyForDeploymentPostprocessing = 0;
		};
		86A4B13523E793EC001EA316 /* Sources */ = {
			isa = PBXSourcesBuildPhase;
			buildActionMask = 2147483647;
			files = (
				868BFFB32446252100887958 /* SubscriptionsChanged.swift in Sources */,
				86C5FCCA23FA2C3300F9CEC5 /* SpinnerViewController.swift in Sources */,
				8647BE992444DD46009F3D01 /* ExtendedTabBarController.swift in Sources */,
				8694A7BB2415691F0059554A /* SubscriptionStore.swift in Sources */,
				8694A7AA241541D90059554A /* String+HTML.swift in Sources */,
				8694A7B8241568A20059554A /* SubscriptionEntity+CoreDataProperties.swift in Sources */,
				861895AB23E7B0C400A8350D /* SearchViewController.swift in Sources */,
				8675B2D423F0E40600DE3B40 /* Endpoint.swift in Sources */,
				86C5FCC823FA275400F9CEC5 /* PodcastDetailHeaderViewController.swift in Sources */,
				8694A7AC241550980059554A /* PodcastLookupInfo.swift in Sources */,
				86A4B15123E794F1001EA316 /* Theme.swift in Sources */,
				86D2AADA2445CFAA002ABE57 /* PodcastCell.swift in Sources */,
				8675B2D623F0E43800DE3B40 /* ParameterKey.swift in Sources */,
				861895B023E7B20F00A8350D /* UITableView+ReusableView.swift in Sources */,
				8675B2DA23F0E46700DE3B40 /* EndpointExamples.swift in Sources */,
				8683423623FE12EF0054FF75 /* GenreLabel.swift in Sources */,
				8694A7BD24157B640059554A /* PodcastViewModel.swift in Sources */,
				86A4B13D23E793EC001EA316 /* AppDelegate.swift in Sources */,
				8697FB6224164CCE00958A9A /* PlayerViewController.swift in Sources */,
				868BFFB5244625B700887958 /* TypedNotification.swift in Sources */,
				86B9759B2401CDED003846D6 /* UIImage+Colour.swift in Sources */,
				8683B81C23FB1A1E00F12D2F /* GradientBackgroundView.swift in Sources */,
				868326BF240355BB004CF362 /* PodcastDataManager.swift in Sources */,
				861895AE23E7B14000A8350D /* ReusableView.swift in Sources */,
				86C5FCC623FA1E4400F9CEC5 /* PodcastDetailViewController.swift in Sources */,
				86A98FD52448E68A00923F8B /* FeedImporter.swift in Sources */,
				86198F42241337BB007792AB /* EpisodeCellViewModel.swift in Sources */,
				868BFFC0244630BE00887958 /* ImportEpisodesOperation.swift in Sources */,
				8683B81823FB0C1200F12D2F /* JSONAPI.swift in Sources */,
				86B975992401CAC9003846D6 /* SubscribeButton.swift in Sources */,
				8694A7B6241568A20059554A /* SubscriptionEntity+CoreDataClass.swift in Sources */,
				86198F4024133519007792AB /* Episode.swift in Sources */,
				8694A7B9241568A20059554A /* PodcastEntity+CoreDataProperties.swift in Sources */,
				868BFFBC24462E8700887958 /* EpisodeEntity+CoreDataClass.swift in Sources */,
				86D2AAE12445F7BA002ABE57 /* MyPodcastsViewController.swift in Sources */,
				86198F3E24132EAA007792AB /* EpisodeCell.swift in Sources */,
				86AEB64B23F9D970002E0393 /* PodcastFeedLoader.swift in Sources */,
				863C369823F22BD800591E09 /* APIError.swift in Sources */,
				868BFFBD24462E8700887958 /* EpisodeEntity+CoreDataProperties.swift in Sources */,
				8675B2DC23F0E85200DE3B40 /* API.swift in Sources */,
				8675B2DE23F0E91B00DE3B40 /* TopPodcastsAPI.swift in Sources */,
				8647BE972444DD10009F3D01 /* ExtendedTabBar.swift in Sources */,
				8683423823FE14810054FF75 /* SeparatorView.swift in Sources */,
				86AEB64F23F9DB6B002E0393 /* PodcastLoadingError.swift in Sources */,
				861895A923E7AFD900A8350D /* SearchResultCell.swift in Sources */,
				86A4B13F23E793EC001EA316 /* SceneDelegate.swift in Sources */,
				8694A7B0241558C80059554A /* Subscriptions.xcdatamodeld in Sources */,
				86D2AADC2445D97A002ABE57 /* PodcastListTableViewController.swift in Sources */,
				86AEB64D23F9D97E002E0393 /* Podcast.swift in Sources */,
				8694A7B7241568A20059554A /* PodcastEntity+CoreDataClass.swift in Sources */,
				8647BE9424448C97009F3D01 /* PlayerBar.swift in Sources */,
				868BFFC2244631F800887958 /* BaseOperation.swift in Sources */,
				8675B2D823F0E45200DE3B40 /* PodcastEndpoint.swift in Sources */,
				8637987B23E8392A00B7C82D /* SearchResult.swift in Sources */,
				8683B81A23FB0D2500F12D2F /* ImageAPI.swift in Sources */,
				868BFFC4244633C500887958 /* PersistenceManager.swift in Sources */,
				86657F272443F1B3001868A1 /* CMTime+FormattedString.swift in Sources */,
				867F632423F894840004DA67 /* PodcastSearchAPI.swift in Sources */,
			);
			runOnlyForDeploymentPostprocessing = 0;
		};
/* End PBXSourcesBuildPhase section */

/* Begin PBXTargetDependency section */
		8675B2E923F0F25F00DE3B40 /* PBXTargetDependency */ = {
			isa = PBXTargetDependency;
			target = 86A4B13823E793EC001EA316 /* PodcastApp */;
			targetProxy = 8675B2E823F0F25F00DE3B40 /* PBXContainerItemProxy */;
		};
/* End PBXTargetDependency section */

/* Begin PBXVariantGroup section */
		86A4B14223E793EC001EA316 /* Main.storyboard */ = {
			isa = PBXVariantGroup;
			children = (
				86A4B14323E793EC001EA316 /* Base */,
			);
			name = Main.storyboard;
			sourceTree = "<group>";
		};
		86A4B14723E793ED001EA316 /* LaunchScreen.storyboard */ = {
			isa = PBXVariantGroup;
			children = (
				86A4B14823E793ED001EA316 /* Base */,
			);
			name = LaunchScreen.storyboard;
			sourceTree = "<group>";
		};
/* End PBXVariantGroup section */

/* Begin XCBuildConfiguration section */
		8675B2EB23F0F25F00DE3B40 /* Debug */ = {
			isa = XCBuildConfiguration;
			baseConfigurationReference = 94098E1768894F4AB91F6C5C /* Pods-PodcastAppTests.debug.xcconfig */;
			buildSettings = {
				BUNDLE_LOADER = "$(TEST_HOST)";
				CODE_SIGN_STYLE = Automatic;
				DEVELOPMENT_TEAM = JJ2D2HE2JS;
				INFOPLIST_FILE = PodcastAppTests/Info.plist;
				LD_RUNPATH_SEARCH_PATHS = (
					"$(inherited)",
					"@executable_path/Frameworks",
					"@loader_path/Frameworks",
				);
				PRODUCT_BUNDLE_IDENTIFIER = "gavin.butler01-bigpond.com.PodcastAppTests";
				PRODUCT_NAME = "$(TARGET_NAME)";
				SWIFT_VERSION = 5.0;
				TARGETED_DEVICE_FAMILY = "1,2";
				TEST_HOST = "$(BUILT_PRODUCTS_DIR)/PodcastApp.app/PodcastApp";
			};
			name = Debug;
		};
		8675B2EC23F0F25F00DE3B40 /* Release */ = {
			isa = XCBuildConfiguration;
			baseConfigurationReference = AEAE9E7C31D83910BA76E1D9 /* Pods-PodcastAppTests.release.xcconfig */;
			buildSettings = {
				BUNDLE_LOADER = "$(TEST_HOST)";
				CODE_SIGN_STYLE = Automatic;
				DEVELOPMENT_TEAM = JJ2D2HE2JS;
				INFOPLIST_FILE = PodcastAppTests/Info.plist;
				LD_RUNPATH_SEARCH_PATHS = (
					"$(inherited)",
					"@executable_path/Frameworks",
					"@loader_path/Frameworks",
				);
				PRODUCT_BUNDLE_IDENTIFIER = "gavin.butler01-bigpond.com.PodcastAppTests";
				PRODUCT_NAME = "$(TARGET_NAME)";
				SWIFT_VERSION = 5.0;
				TARGETED_DEVICE_FAMILY = "1,2";
				TEST_HOST = "$(BUILT_PRODUCTS_DIR)/PodcastApp.app/PodcastApp";
			};
			name = Release;
		};
		86A4B14B23E793EE001EA316 /* Debug */ = {
			isa = XCBuildConfiguration;
			buildSettings = {
				ALWAYS_SEARCH_USER_PATHS = NO;
				CLANG_ANALYZER_NONNULL = YES;
				CLANG_ANALYZER_NUMBER_OBJECT_CONVERSION = YES_AGGRESSIVE;
				CLANG_CXX_LANGUAGE_STANDARD = "gnu++14";
				CLANG_CXX_LIBRARY = "libc++";
				CLANG_ENABLE_MODULES = YES;
				CLANG_ENABLE_OBJC_ARC = YES;
				CLANG_ENABLE_OBJC_WEAK = YES;
				CLANG_WARN_BLOCK_CAPTURE_AUTORELEASING = YES;
				CLANG_WARN_BOOL_CONVERSION = YES;
				CLANG_WARN_COMMA = YES;
				CLANG_WARN_CONSTANT_CONVERSION = YES;
				CLANG_WARN_DEPRECATED_OBJC_IMPLEMENTATIONS = YES;
				CLANG_WARN_DIRECT_OBJC_ISA_USAGE = YES_ERROR;
				CLANG_WARN_DOCUMENTATION_COMMENTS = YES;
				CLANG_WARN_EMPTY_BODY = YES;
				CLANG_WARN_ENUM_CONVERSION = YES;
				CLANG_WARN_INFINITE_RECURSION = YES;
				CLANG_WARN_INT_CONVERSION = YES;
				CLANG_WARN_NON_LITERAL_NULL_CONVERSION = YES;
				CLANG_WARN_OBJC_IMPLICIT_RETAIN_SELF = YES;
				CLANG_WARN_OBJC_LITERAL_CONVERSION = YES;
				CLANG_WARN_OBJC_ROOT_CLASS = YES_ERROR;
				CLANG_WARN_RANGE_LOOP_ANALYSIS = YES;
				CLANG_WARN_STRICT_PROTOTYPES = YES;
				CLANG_WARN_SUSPICIOUS_MOVE = YES;
				CLANG_WARN_UNGUARDED_AVAILABILITY = YES_AGGRESSIVE;
				CLANG_WARN_UNREACHABLE_CODE = YES;
				CLANG_WARN__DUPLICATE_METHOD_MATCH = YES;
				COPY_PHASE_STRIP = NO;
				DEBUG_INFORMATION_FORMAT = dwarf;
				ENABLE_STRICT_OBJC_MSGSEND = YES;
				ENABLE_TESTABILITY = YES;
				GCC_C_LANGUAGE_STANDARD = gnu11;
				GCC_DYNAMIC_NO_PIC = NO;
				GCC_NO_COMMON_BLOCKS = YES;
				GCC_OPTIMIZATION_LEVEL = 0;
				GCC_PREPROCESSOR_DEFINITIONS = (
					"DEBUG=1",
					"$(inherited)",
				);
				GCC_WARN_64_TO_32_BIT_CONVERSION = YES;
				GCC_WARN_ABOUT_RETURN_TYPE = YES_ERROR;
				GCC_WARN_UNDECLARED_SELECTOR = YES;
				GCC_WARN_UNINITIALIZED_AUTOS = YES_AGGRESSIVE;
				GCC_WARN_UNUSED_FUNCTION = YES;
				GCC_WARN_UNUSED_VARIABLE = YES;
				IPHONEOS_DEPLOYMENT_TARGET = 13.2;
				MTL_ENABLE_DEBUG_INFO = INCLUDE_SOURCE;
				MTL_FAST_MATH = YES;
				ONLY_ACTIVE_ARCH = YES;
				SDKROOT = iphoneos;
				SWIFT_ACTIVE_COMPILATION_CONDITIONS = DEBUG;
				SWIFT_OPTIMIZATION_LEVEL = "-Onone";
			};
			name = Debug;
		};
		86A4B14C23E793EE001EA316 /* Release */ = {
			isa = XCBuildConfiguration;
			buildSettings = {
				ALWAYS_SEARCH_USER_PATHS = NO;
				CLANG_ANALYZER_NONNULL = YES;
				CLANG_ANALYZER_NUMBER_OBJECT_CONVERSION = YES_AGGRESSIVE;
				CLANG_CXX_LANGUAGE_STANDARD = "gnu++14";
				CLANG_CXX_LIBRARY = "libc++";
				CLANG_ENABLE_MODULES = YES;
				CLANG_ENABLE_OBJC_ARC = YES;
				CLANG_ENABLE_OBJC_WEAK = YES;
				CLANG_WARN_BLOCK_CAPTURE_AUTORELEASING = YES;
				CLANG_WARN_BOOL_CONVERSION = YES;
				CLANG_WARN_COMMA = YES;
				CLANG_WARN_CONSTANT_CONVERSION = YES;
				CLANG_WARN_DEPRECATED_OBJC_IMPLEMENTATIONS = YES;
				CLANG_WARN_DIRECT_OBJC_ISA_USAGE = YES_ERROR;
				CLANG_WARN_DOCUMENTATION_COMMENTS = YES;
				CLANG_WARN_EMPTY_BODY = YES;
				CLANG_WARN_ENUM_CONVERSION = YES;
				CLANG_WARN_INFINITE_RECURSION = YES;
				CLANG_WARN_INT_CONVERSION = YES;
				CLANG_WARN_NON_LITERAL_NULL_CONVERSION = YES;
				CLANG_WARN_OBJC_IMPLICIT_RETAIN_SELF = YES;
				CLANG_WARN_OBJC_LITERAL_CONVERSION = YES;
				CLANG_WARN_OBJC_ROOT_CLASS = YES_ERROR;
				CLANG_WARN_RANGE_LOOP_ANALYSIS = YES;
				CLANG_WARN_STRICT_PROTOTYPES = YES;
				CLANG_WARN_SUSPICIOUS_MOVE = YES;
				CLANG_WARN_UNGUARDED_AVAILABILITY = YES_AGGRESSIVE;
				CLANG_WARN_UNREACHABLE_CODE = YES;
				CLANG_WARN__DUPLICATE_METHOD_MATCH = YES;
				COPY_PHASE_STRIP = NO;
				DEBUG_INFORMATION_FORMAT = "dwarf-with-dsym";
				ENABLE_NS_ASSERTIONS = NO;
				ENABLE_STRICT_OBJC_MSGSEND = YES;
				GCC_C_LANGUAGE_STANDARD = gnu11;
				GCC_NO_COMMON_BLOCKS = YES;
				GCC_WARN_64_TO_32_BIT_CONVERSION = YES;
				GCC_WARN_ABOUT_RETURN_TYPE = YES_ERROR;
				GCC_WARN_UNDECLARED_SELECTOR = YES;
				GCC_WARN_UNINITIALIZED_AUTOS = YES_AGGRESSIVE;
				GCC_WARN_UNUSED_FUNCTION = YES;
				GCC_WARN_UNUSED_VARIABLE = YES;
				IPHONEOS_DEPLOYMENT_TARGET = 13.2;
				MTL_ENABLE_DEBUG_INFO = NO;
				MTL_FAST_MATH = YES;
				SDKROOT = iphoneos;
				SWIFT_COMPILATION_MODE = wholemodule;
				SWIFT_OPTIMIZATION_LEVEL = "-O";
				VALIDATE_PRODUCT = YES;
			};
			name = Release;
		};
		86A4B14E23E793EE001EA316 /* Debug */ = {
			isa = XCBuildConfiguration;
			baseConfigurationReference = AE24F2AE4729526A1C5156E1 /* Pods-PodcastApp.debug.xcconfig */;
			buildSettings = {
				ASSETCATALOG_COMPILER_APPICON_NAME = AppIcon;
				CODE_SIGN_STYLE = Automatic;
				DEVELOPMENT_TEAM = JJ2D2HE2JS;
				INFOPLIST_FILE = PodcastApp/Info.plist;
				LD_RUNPATH_SEARCH_PATHS = (
					"$(inherited)",
					"@executable_path/Frameworks",
				);
				PRODUCT_BUNDLE_IDENTIFIER = "gavin.butler01-bigpond.com.PodcastApp";
				PRODUCT_NAME = "$(TARGET_NAME)";
				SWIFT_VERSION = 5.0;
				TARGETED_DEVICE_FAMILY = "1,2";
			};
			name = Debug;
		};
		86A4B14F23E793EE001EA316 /* Release */ = {
			isa = XCBuildConfiguration;
			baseConfigurationReference = C3796EB8B5FB4C3F53EFD0C4 /* Pods-PodcastApp.release.xcconfig */;
			buildSettings = {
				ASSETCATALOG_COMPILER_APPICON_NAME = AppIcon;
				CODE_SIGN_STYLE = Automatic;
				DEVELOPMENT_TEAM = JJ2D2HE2JS;
				INFOPLIST_FILE = PodcastApp/Info.plist;
				LD_RUNPATH_SEARCH_PATHS = (
					"$(inherited)",
					"@executable_path/Frameworks",
				);
				PRODUCT_BUNDLE_IDENTIFIER = "gavin.butler01-bigpond.com.PodcastApp";
				PRODUCT_NAME = "$(TARGET_NAME)";
				SWIFT_VERSION = 5.0;
				TARGETED_DEVICE_FAMILY = "1,2";
			};
			name = Release;
		};
/* End XCBuildConfiguration section */

/* Begin XCConfigurationList section */
		8675B2EA23F0F25F00DE3B40 /* Build configuration list for PBXNativeTarget "PodcastAppTests" */ = {
			isa = XCConfigurationList;
			buildConfigurations = (
				8675B2EB23F0F25F00DE3B40 /* Debug */,
				8675B2EC23F0F25F00DE3B40 /* Release */,
			);
			defaultConfigurationIsVisible = 0;
			defaultConfigurationName = Release;
		};
		86A4B13423E793EC001EA316 /* Build configuration list for PBXProject "PodcastApp" */ = {
			isa = XCConfigurationList;
			buildConfigurations = (
				86A4B14B23E793EE001EA316 /* Debug */,
				86A4B14C23E793EE001EA316 /* Release */,
			);
			defaultConfigurationIsVisible = 0;
			defaultConfigurationName = Release;
		};
		86A4B14D23E793EE001EA316 /* Build configuration list for PBXNativeTarget "PodcastApp" */ = {
			isa = XCConfigurationList;
			buildConfigurations = (
				86A4B14E23E793EE001EA316 /* Debug */,
				86A4B14F23E793EE001EA316 /* Release */,
			);
			defaultConfigurationIsVisible = 0;
			defaultConfigurationName = Release;
		};
/* End XCConfigurationList section */

/* Begin XCVersionGroup section */
		8694A7AE241558C80059554A /* Subscriptions.xcdatamodeld */ = {
			isa = XCVersionGroup;
			children = (
				8694A7AF241558C80059554A /* Subscriptions.xcdatamodel */,
			);
			currentVersion = 8694A7AF241558C80059554A /* Subscriptions.xcdatamodel */;
			path = Subscriptions.xcdatamodeld;
			sourceTree = "<group>";
			versionGroupType = wrapper.xcdatamodel;
		};
/* End XCVersionGroup section */
	};
	rootObject = 86A4B13123E793EC001EA316 /* Project object */;
}
